
Microsoft Visual Studio Solution File, Format Version 12.00
# Visual Studio 15
VisualStudioVersion = 15.0.27703.2047
MinimumVisualStudioVersion = 10.0.40219.1
Project("{FAE04EC0-301F-11D3-BF4B-00C04F79EFBC}") = "MVP", "MVP\MVP.csproj", "{F1A6ECB5-166C-4DA7-B416-ACDD173D93D7}"
EndProject
Global
	GlobalSection(SolutionConfigurationPlatforms) = preSolution
		Debug|Any CPU = Debug|Any CPU
		Release|Any CPU = Release|Any CPU
	EndGlobalSection
	GlobalSection(ProjectConfigurationPlatforms) = postSolution
		{F1A6ECB5-166C-4DA7-B416-ACDD173D93D7}.Debug|Any CPU.ActiveCfg = Debug|Any CPU
		{F1A6ECB5-166C-4DA7-B416-ACDD173D93D7}.Debug|Any CPU.Build.0 = Debug|Any CPU
		{F1A6ECB5-166C-4DA7-B416-ACDD173D93D7}.Release|Any CPU.ActiveCfg = Release|Any CPU
		{F1A6ECB5-166C-4DA7-B416-ACDD173D93D7}.Release|Any CPU.Build.0 = Release|Any CPU
	EndGlobalSection
	GlobalSection(SolutionProperties) = preSolution
		HideSolutionNode = FALSE
	EndGlobalSection
	GlobalSection(ExtensibilityGlobals) = postSolution
		SolutionGuid = {E22E4DB2-2440-4933-A254-8202206D05EC}
	EndGlobalSection
EndGlobal
